# This file was autogenerated by Stack.
# You should not edit this file by hand.
# For more information, please see the documentation at:
#   https://docs.haskellstack.org/en/stable/lock_files

packages:
- completed:
    hackage: freetype2-0.1.1@sha256:9f689d592e969bffb86a93b3db6e04ffc51a56aa36d5ae9cca13244ad350a546,10906
    pantry-tree:
      size: 26034
      sha256: fa38f3aed7e76416e9540a7d39097049998c8b1a0d530d7ff13ca59e9a8815f7
  original:
    hackage: freetype2-0.1.1
- completed:
    hackage: colors-0.3.0.2@sha256:b49946d81e0089d4d80191523839f934802975ede3b9fd9521ead9e591142560,764
    pantry-tree:
      size: 323
      sha256: 78fabce342368b8c7ff1d8e6227581f01182ead312ecea75913cb4ecb07f3b26
  original:
    hackage: colors-0.3.0.2
- completed:
    hackage: JuicyPixels-util-0.2@sha256:54df721dc1194e3f1934a7696274e12479851d26bd440e92fce58af5c11b7fa9,929
    pantry-tree:
      size: 222
      sha256: 0af4c927713168e03735d75e9b68fec8657bc5478b4fa1d294da9e4d463e044c
  original:
    hackage: JuicyPixels-util-0.2
- completed:
    hackage: free-game-1.1.90@sha256:7081686479dc3328fa07f3f65c08cb844f872bff3fbdc975b122fd15eb194703,1969
    pantry-tree:
      size: 1366
      sha256: faaadc9a658f04b52aa0836e97ac96f41d517ac710d4bc66ae00a33933f77c09
  original:
    hackage: free-game-1.1.90
- completed:
    hackage: Cabal-3.0.0.0@sha256:1ba37b8d80e89213b17db7b8b9ea0108da55ca65f8c0cbb7433881a284c5cf67,26027
    pantry-tree:
      size: 71616
      sha256: 4f16f0a65304ab22f01cb7f6d25db2f15a168f4cefacde7864cb1e02eb3ea867
  original:
    hackage: Cabal-3.0.0.0@sha256:1ba37b8d80e89213b17db7b8b9ea0108da55ca65f8c0cbb7433881a284c5cf67,26027
- completed:
    hackage: parsec-3.1.14.0@sha256:9f35f3a6ae66c6e1c22a1b84e62731f1501057791ffb2554f710aa08c7a4d651,4211
    pantry-tree:
      size: 2574
      sha256: c3bb3df367c625daf464cb8b2393001890311d395213620b977a811ba22d3a26
  original:
    hackage: parsec-3.1.14.0@sha256:9f35f3a6ae66c6e1c22a1b84e62731f1501057791ffb2554f710aa08c7a4d651,4211
- completed:
    hackage: text-1.2.4.0@sha256:8c24450feb8e3bbb7ea3e17af24ef57e85db077c4bf53e5bcc345b283d1b1d5b,10081
    pantry-tree:
      size: 7457
      sha256: 3437b0a73ce2ae1a81aa8b3438d41a85981c00894cdbee0d6d6d6873046a5d5d
  original:
    hackage: text-1.2.4.0@sha256:8c24450feb8e3bbb7ea3e17af24ef57e85db077c4bf53e5bcc345b283d1b1d5b,10081
snapshots:
- completed:
    size: 423183
    url: https://raw.githubusercontent.com/commercialhaskell/stackage-snapshots/master/lts/7/14.yaml
    sha256: c13093dadf5d8b43c919d4ff9fc0b2d84950b42d0387a332432bdde92c8cfbd4
  original: lts-7.14
